
Microsoft Visual Studio Solution File, Format Version 12.00
# Visual Studio 15
VisualStudioVersion = 15.0.28307.168
MinimumVisualStudioVersion = 10.0.40219.1
Project("{FAE04EC0-301F-11D3-BF4B-00C04F79EFBC}") = "PracticeWorkshop", "PracticeWorkshop\PracticeWorkshop.csproj", "{41C6EB06-F0CC-4A65-A8BF-195648D61DC6}"
EndProject
Project("{FAE04EC0-301F-11D3-BF4B-00C04F79EFBC}") = "PracticeWorkshop.Tests", "PracticeWorkshop.Tests\PracticeWorkshop.Tests.csproj", "{F3EC9AAF-424E-4FC3-94DC-08AA35BA3978}"
EndProject
Global
	GlobalSection(SolutionConfigurationPlatforms) = preSolution
		Debug|Any CPU = Debug|Any CPU
		Release|Any CPU = Release|Any CPU
	EndGlobalSection
	GlobalSection(ProjectConfigurationPlatforms) = postSolution
		{41C6EB06-F0CC-4A65-A8BF-195648D61DC6}.Debug|Any CPU.ActiveCfg = Debug|Any CPU
		{41C6EB06-F0CC-4A65-A8BF-195648D61DC6}.Debug|Any CPU.Build.0 = Debug|Any CPU
		{41C6EB06-F0CC-4A65-A8BF-195648D61DC6}.Release|Any CPU.ActiveCfg = Release|Any CPU
		{41C6EB06-F0CC-4A65-A8BF-195648D61DC6}.Release|Any CPU.Build.0 = Release|Any CPU
		{F3EC9AAF-424E-4FC3-94DC-08AA35BA3978}.Debug|Any CPU.ActiveCfg = Debug|Any CPU
		{F3EC9AAF-424E-4FC3-94DC-08AA35BA3978}.Debug|Any CPU.Build.0 = Debug|Any CPU
		{F3EC9AAF-424E-4FC3-94DC-08AA35BA3978}.Release|Any CPU.ActiveCfg = Release|Any CPU
		{F3EC9AAF-424E-4FC3-94DC-08AA35BA3978}.Release|Any CPU.Build.0 = Release|Any CPU
	EndGlobalSection
	GlobalSection(SolutionProperties) = preSolution
		HideSolutionNode = FALSE
	EndGlobalSection
	GlobalSection(ExtensibilityGlobals) = postSolution
		SolutionGuid = {08D9ACCB-C3CF-491E-B80D-1F93D4F1835A}
	EndGlobalSection
EndGlobal
